
Microsoft Visual Studio Solution File, Format Version 12.00
# Visual Studio Version 17
VisualStudioVersion = 17.11.35312.102
MinimumVisualStudioVersion = 10.0.40219.1
Project("{9A19103F-16F7-4668-BE54-9A1E7A4F7556}") = "Serilog.Unofficial.HotReloading", "Serilog.Unofficial.HotReloading\Serilog.Unofficial.HotReloading.csproj", "{200B9056-DF45-437B-B4D7-C5F1EE42BB7E}"
EndProject
Project("{9A19103F-16F7-4668-BE54-9A1E7A4F7556}") = "HotReloadingSample", "HotReloadingSample\HotReloadingSample.csproj", "{1BA5E708-30E0-46FF-8DC9-27FB31AEA172}"
EndProject
Project("{2150E333-8FDC-42A3-9474-1A3956D46DE8}") = "SolutionItems", "SolutionItems", "{741FE19D-36A1-4EEC-A0FA-B394D750ED28}"
	ProjectSection(SolutionItems) = preProject
		.gitignore = .gitignore
		Directory.Build.props = Directory.Build.props
		LICENSE = LICENSE
		README.md = README.md
	EndProjectSection
EndProject
Project("{9A19103F-16F7-4668-BE54-9A1E7A4F7556}") = "Serilog.Unofficial.HotReloading.Test", "Serilog.Unofficial.HotReloading.Test\Serilog.Unofficial.HotReloading.Test.csproj", "{1F09DA9F-D785-46F5-BD3C-529C50DAD209}"
EndProject
Project("{9A19103F-16F7-4668-BE54-9A1E7A4F7556}") = "QuickStartSample", "QuickStartSample\QuickStartSample.csproj", "{A8BE442C-1751-4149-B688-D79103E74257}"
EndProject
Global
	GlobalSection(SolutionConfigurationPlatforms) = preSolution
		Debug|Any CPU = Debug|Any CPU
		Release|Any CPU = Release|Any CPU
	EndGlobalSection
	GlobalSection(ProjectConfigurationPlatforms) = postSolution
		{200B9056-DF45-437B-B4D7-C5F1EE42BB7E}.Debug|Any CPU.ActiveCfg = Debug|Any CPU
		{200B9056-DF45-437B-B4D7-C5F1EE42BB7E}.Debug|Any CPU.Build.0 = Debug|Any CPU
		{200B9056-DF45-437B-B4D7-C5F1EE42BB7E}.Release|Any CPU.ActiveCfg = Release|Any CPU
		{200B9056-DF45-437B-B4D7-C5F1EE42BB7E}.Release|Any CPU.Build.0 = Release|Any CPU
		{1BA5E708-30E0-46FF-8DC9-27FB31AEA172}.Debug|Any CPU.ActiveCfg = Debug|Any CPU
		{1BA5E708-30E0-46FF-8DC9-27FB31AEA172}.Debug|Any CPU.Build.0 = Debug|Any CPU
		{1BA5E708-30E0-46FF-8DC9-27FB31AEA172}.Release|Any CPU.ActiveCfg = Release|Any CPU
		{1BA5E708-30E0-46FF-8DC9-27FB31AEA172}.Release|Any CPU.Build.0 = Release|Any CPU
		{1F09DA9F-D785-46F5-BD3C-529C50DAD209}.Debug|Any CPU.ActiveCfg = Debug|Any CPU
		{1F09DA9F-D785-46F5-BD3C-529C50DAD209}.Debug|Any CPU.Build.0 = Debug|Any CPU
		{1F09DA9F-D785-46F5-BD3C-529C50DAD209}.Release|Any CPU.ActiveCfg = Release|Any CPU
		{1F09DA9F-D785-46F5-BD3C-529C50DAD209}.Release|Any CPU.Build.0 = Release|Any CPU
		{A8BE442C-1751-4149-B688-D79103E74257}.Debug|Any CPU.ActiveCfg = Debug|Any CPU
		{A8BE442C-1751-4149-B688-D79103E74257}.Debug|Any CPU.Build.0 = Debug|Any CPU
		{A8BE442C-1751-4149-B688-D79103E74257}.Release|Any CPU.ActiveCfg = Release|Any CPU
		{A8BE442C-1751-4149-B688-D79103E74257}.Release|Any CPU.Build.0 = Release|Any CPU
	EndGlobalSection
	GlobalSection(SolutionProperties) = preSolution
		HideSolutionNode = FALSE
	EndGlobalSection
	GlobalSection(ExtensibilityGlobals) = postSolution
		SolutionGuid = {72A8B985-A0A9-4551-9914-0949C55B661D}
	EndGlobalSection
EndGlobal
